// !$*UTF8*$!
{
	archiveVersion = 1;
	classes = {
	};
	objectVersion = 56;
	objects = {

/* Begin PBXBuildFile section */
		TradingAnalyticsApp.swift in Sources = {isa = PBXBuildFile; };
		TradingModels.swift in Sources = {isa = PBXBuildFile; };
		TradingDataManager.swift in Sources = {isa = PBXBuildFile; };
		AITradingAssistant.swift in Sources = {isa = PBXBuildFile; };
		ContentView.swift in Sources = {isa = PBXBuildFile; };
		DashboardView.swift in Sources = {isa = PBXBuildFile; };
		AnalyticsView.swift in Sources = {isa = PBXBuildFile; };
		TradesListView.swift in Sources = {isa = PBXBuildFile; };
		AIAssistantView.swift in Sources = {isa = PBXBuildFile; };
/* End PBXBuildFile section */

/* Begin PBXFileReference section */
		TradingAnalytics.app = {isa = PBXFileReference; explicitFileType = wrapper.application; includeInIndex = 0; path = TradingAnalytics.app; sourceTree = BUILT_PRODUCTS_DIR; };
/* End PBXFileReference section */

/* Begin PBXGroup section */
		TradingAnalytics = {
			isa = PBXGroup;
			children = (
				TradingAnalyticsApp.swift,
				Models,
				ViewModels,
				Views,
			);
			path = TradingAnalytics;
			sourceTree = "<group>";
		};
		Models = {
			isa = PBXGroup;
			children = (
				TradingModels.swift,
			);
			path = Models;
			sourceTree = "<group>";
		};
		ViewModels = {
			isa = PBXGroup;
			children = (
				TradingDataManager.swift,
				AITradingAssistant.swift,
			);
			path = ViewModels;
			sourceTree = "<group>";
		};
		Views = {
			isa = PBXGroup;
			children = (
				ContentView.swift,
				DashboardView.swift,
				AnalyticsView.swift,
				TradesListView.swift,
				AIAssistantView.swift,
			);
			path = Views;
			sourceTree = "<group>";
		};
/* End PBXGroup section */

	};
	rootObject = /* Project object */;
}
